
Microsoft Visual Studio Solution File, Format Version 12.00
# Visual Studio Version 17
VisualStudioVersion = 17.7.34202.233
MinimumVisualStudioVersion = 10.0.40219.1
Project("{9A19103F-16F7-4668-BE54-9A1E7A4F7556}") = "NarutoCharacters.API", "NarutoCharacters.API\NarutoCharacters.API.csproj", "{C53269BE-7B92-42BB-8AF6-7D917F6ADCE1}"
EndProject
Global
	GlobalSection(SolutionConfigurationPlatforms) = preSolution
		Debug|Any CPU = Debug|Any CPU
		Release|Any CPU = Release|Any CPU
	EndGlobalSection
	GlobalSection(ProjectConfigurationPlatforms) = postSolution
		{C53269BE-7B92-42BB-8AF6-7D917F6ADCE1}.Debug|Any CPU.ActiveCfg = Debug|Any CPU
		{C53269BE-7B92-42BB-8AF6-7D917F6ADCE1}.Debug|Any CPU.Build.0 = Debug|Any CPU
		{C53269BE-7B92-42BB-8AF6-7D917F6ADCE1}.Release|Any CPU.ActiveCfg = Release|Any CPU
		{C53269BE-7B92-42BB-8AF6-7D917F6ADCE1}.Release|Any CPU.Build.0 = Release|Any CPU
	EndGlobalSection
	GlobalSection(SolutionProperties) = preSolution
		HideSolutionNode = FALSE
	EndGlobalSection
	GlobalSection(ExtensibilityGlobals) = postSolution
		SolutionGuid = {8B5F7716-4B11-4783-9391-CBBF9873F44A}
	EndGlobalSection
EndGlobal
